{
  "version": 4,
  "terraform_version": "1.1.9",
  "serial": 10,
  "lineage": "7c8131be-4fe0-871c-6eca-79d4e892fa2e",
  "outputs": {},
  "resources": [
    {
      "module": "module.bootstrap",
      "mode": "managed",
      "type": "aws_dynamodb_table",
      "name": "terraform_state_lock",
      "provider": "provider[\"registry.terraform.io/hashicorp/aws\"]",
      "instances": [
        {
          "schema_version": 1,
          "attributes": {
            "arn": "arn:aws:dynamodb:us-west-2:097605708335:table/terraform-state-lock",
            "attribute": [
              {
                "name": "LockID",
                "type": "S"
              }
            ],
            "billing_mode": "PROVISIONED",
            "global_secondary_index": [],
            "hash_key": "LockID",
            "id": "terraform-state-lock",
            "local_secondary_index": [],
            "name": "terraform-state-lock",
            "point_in_time_recovery": [
              {
                "enabled": false
              }
            ],
            "range_key": null,
            "read_capacity": 2,
            "replica": [],
            "restore_date_time": null,
            "restore_source_name": null,
            "restore_to_latest_time": null,
            "server_side_encryption": [
              {
                "enabled": true,
                "kms_key_arn": "arn:aws:kms:us-west-2:097605708335:key/2d42139a-0b6e-4be1-8f98-62ed4ac9cf1d"
              }
            ],
            "stream_arn": "",
            "stream_enabled": false,
            "stream_label": "",
            "stream_view_type": "",
            "table_class": "",
            "tags": {
              "Automation": "Terraform",
              "Name": "terraform-state-lock"
            },
            "tags_all": {
              "Automation": "Terraform",
              "Name": "terraform-state-lock"
            },
            "timeouts": null,
            "ttl": [
              {
                "attribute_name": "",
                "enabled": false
              }
            ],
            "write_capacity": 2
          },
          "sensitive_attributes": [],
          "private": "eyJlMmJmYjczMC1lY2FhLTExZTYtOGY4OC0zNDM2M2JjN2M0YzAiOnsiY3JlYXRlIjoxODAwMDAwMDAwMDAwLCJkZWxldGUiOjYwMDAwMDAwMDAwMCwidXBkYXRlIjozNjAwMDAwMDAwMDAwfSwic2NoZW1hX3ZlcnNpb24iOiIxIn0="
        }
      ]
    },
    {
      "module": "module.bootstrap",
      "mode": "managed",
      "type": "aws_iam_account_alias",
      "name": "alias",
      "provider": "provider[\"registry.terraform.io/hashicorp/aws\"]",
      "instances": [
        {
          "index_key": 0,
          "schema_version": 0,
          "attributes": {
            "account_alias": "redis",
            "id": "redis"
          },
          "sensitive_attributes": [],
          "private": "eyJzY2hlbWFfdmVyc2lvbiI6IjAifQ=="
        }
      ]
    },
    {
      "module": "module.bootstrap.module.terraform_state_bucket",
      "mode": "data",
      "type": "aws_caller_identity",
      "name": "current",
      "provider": "provider[\"registry.terraform.io/hashicorp/aws\"]",
      "instances": [
        {
          "schema_version": 0,
          "attributes": {
            "account_id": "097605708335",
            "arn": "arn:aws:iam::097605708335:user/mingzhu_liu",
            "id": "097605708335",
            "user_id": "AIDAICZS4ONNOHYBAMR6I"
          },
          "sensitive_attributes": []
        }
      ]
    },
    {
      "module": "module.bootstrap.module.terraform_state_bucket",
      "mode": "data",
      "type": "aws_iam_policy_document",
      "name": "supplemental_policy",
      "provider": "provider[\"registry.terraform.io/hashicorp/aws\"]",
      "instances": [
        {
          "schema_version": 0,
          "attributes": {
            "id": "1739435585",
            "json": "{\n  \"Version\": \"2012-10-17\",\n  \"Statement\": [\n    {\n      \"Sid\": \"enforce-tls-requests-only\",\n      \"Effect\": \"Deny\",\n      \"Action\": \"s3:*\",\n      \"Resource\": \"arn:aws:s3:::redis-tf-state-us-west-2/*\",\n      \"Principal\": {\n        \"AWS\": \"*\"\n      },\n      \"Condition\": {\n        \"Bool\": {\n          \"aws:SecureTransport\": \"false\"\n        }\n      }\n    },\n    {\n      \"Sid\": \"inventory-and-analytics\",\n      \"Effect\": \"Allow\",\n      \"Action\": \"s3:PutObject\",\n      \"Resource\": \"arn:aws:s3:::redis-tf-state-us-west-2/*\",\n      \"Principal\": {\n        \"Service\": \"s3.amazonaws.com\"\n      },\n      \"Condition\": {\n        \"ArnLike\": {\n          \"aws:SourceArn\": \"arn:aws:s3:::redis-tf-state-us-west-2\"\n        },\n        \"StringEquals\": {\n          \"aws:SourceAccount\": \"097605708335\",\n          \"s3:x-amz-acl\": \"bucket-owner-full-control\"\n        }\n      }\n    }\n  ]\n}",
            "override_json": null,
            "override_policy_documents": null,
            "policy_id": null,
            "source_json": null,
            "source_policy_documents": null,
            "statement": [
              {
                "actions": [
                  "s3:*"
                ],
                "condition": [
                  {
                    "test": "Bool",
                    "values": [
                      "false"
                    ],
                    "variable": "aws:SecureTransport"
                  }
                ],
                "effect": "Deny",
                "not_actions": [],
                "not_principals": [],
                "not_resources": [],
                "principals": [
                  {
                    "identifiers": [
                      "*"
                    ],
                    "type": "AWS"
                  }
                ],
                "resources": [
                  "arn:aws:s3:::redis-tf-state-us-west-2/*"
                ],
                "sid": "enforce-tls-requests-only"
              },
              {
                "actions": [
                  "s3:PutObject"
                ],
                "condition": [
                  {
                    "test": "ArnLike",
                    "values": [
                      "arn:aws:s3:::redis-tf-state-us-west-2"
                    ],
                    "variable": "aws:SourceArn"
                  },
                  {
                    "test": "StringEquals",
                    "values": [
                      "097605708335"
                    ],
                    "variable": "aws:SourceAccount"
                  },
                  {
                    "test": "StringEquals",
                    "values": [
                      "bucket-owner-full-control"
                    ],
                    "variable": "s3:x-amz-acl"
                  }
                ],
                "effect": "Allow",
                "not_actions": [],
                "not_principals": [],
                "not_resources": [],
                "principals": [
                  {
                    "identifiers": [
                      "s3.amazonaws.com"
                    ],
                    "type": "Service"
                  }
                ],
                "resources": [
                  "arn:aws:s3:::redis-tf-state-us-west-2/*"
                ],
                "sid": "inventory-and-analytics"
              }
            ],
            "version": "2012-10-17"
          },
          "sensitive_attributes": []
        }
      ]
    },
    {
      "module": "module.bootstrap.module.terraform_state_bucket",
      "mode": "data",
      "type": "aws_partition",
      "name": "current",
      "provider": "provider[\"registry.terraform.io/hashicorp/aws\"]",
      "instances": [
        {
          "schema_version": 0,
          "attributes": {
            "dns_suffix": "amazonaws.com",
            "id": "aws",
            "partition": "aws",
            "reverse_dns_prefix": "com.amazonaws"
          },
          "sensitive_attributes": []
        }
      ]
    },
    {
      "module": "module.bootstrap.module.terraform_state_bucket",
      "mode": "managed",
      "type": "aws_s3_bucket",
      "name": "private_bucket",
      "provider": "provider[\"registry.terraform.io/hashicorp/aws\"]",
      "instances": [
        {
          "schema_version": 0,
          "attributes": {
            "acceleration_status": "",
            "acl": "private",
            "arn": "arn:aws:s3:::redis-tf-state-us-west-2",
            "bucket": "redis-tf-state-us-west-2",
            "bucket_domain_name": "redis-tf-state-us-west-2.s3.amazonaws.com",
            "bucket_prefix": null,
            "bucket_regional_domain_name": "redis-tf-state-us-west-2.s3.us-west-2.amazonaws.com",
            "cors_rule": [],
            "force_destroy": false,
            "grant": [],
            "hosted_zone_id": "Z3BJ6K6RIION7M",
            "id": "redis-tf-state-us-west-2",
            "lifecycle_rule": [
              {
                "abort_incomplete_multipart_upload_days": 14,
                "enabled": true,
                "expiration": [
                  {
                    "date": "",
                    "days": 0,
                    "expired_object_delete_marker": true
                  }
                ],
                "id": "tf-s3-lifecycle-20220503192310169900000001",
                "noncurrent_version_expiration": [
                  {
                    "days": 365
                  }
                ],
                "noncurrent_version_transition": [
                  {
                    "days": 30,
                    "storage_class": "STANDARD_IA"
                  }
                ],
                "prefix": "",
                "tags": {},
                "transition": []
              },
              {
                "abort_incomplete_multipart_upload_days": 0,
                "enabled": true,
                "expiration": [
                  {
                    "date": "",
                    "days": 14,
                    "expired_object_delete_marker": false
                  }
                ],
                "id": "tf-s3-lifecycle-20220503192310169900000002",
                "noncurrent_version_expiration": [],
                "noncurrent_version_transition": [],
                "prefix": "_AWSBucketInventory/",
                "tags": {},
                "transition": []
              },
              {
                "abort_incomplete_multipart_upload_days": 0,
                "enabled": true,
                "expiration": [
                  {
                    "date": "",
                    "days": 30,
                    "expired_object_delete_marker": false
                  }
                ],
                "id": "tf-s3-lifecycle-20220503192310169900000003",
                "noncurrent_version_expiration": [],
                "noncurrent_version_transition": [],
                "prefix": "_AWSBucketAnalytics/",
                "tags": {},
                "transition": []
              }
            ],
            "logging": [
              {
                "target_bucket": "redis-tf-state-log-us-west-2",
                "target_prefix": "s3/redis-tf-state-us-west-2/"
              }
            ],
            "object_lock_configuration": [],
            "object_lock_enabled": false,
            "policy": "{\"Statement\":[{\"Action\":\"s3:*\",\"Condition\":{\"Bool\":{\"aws:SecureTransport\":\"false\"}},\"Effect\":\"Deny\",\"Principal\":{\"AWS\":\"*\"},\"Resource\":\"arn:aws:s3:::redis-tf-state-us-west-2/*\",\"Sid\":\"enforce-tls-requests-only\"},{\"Action\":\"s3:PutObject\",\"Condition\":{\"ArnLike\":{\"aws:SourceArn\":\"arn:aws:s3:::redis-tf-state-us-west-2\"},\"StringEquals\":{\"aws:SourceAccount\":\"097605708335\",\"s3:x-amz-acl\":\"bucket-owner-full-control\"}},\"Effect\":\"Allow\",\"Principal\":{\"Service\":\"s3.amazonaws.com\"},\"Resource\":\"arn:aws:s3:::redis-tf-state-us-west-2/*\",\"Sid\":\"inventory-and-analytics\"}],\"Version\":\"2012-10-17\"}",
            "region": "us-west-2",
            "replication_configuration": [],
            "request_payer": "BucketOwner",
            "server_side_encryption_configuration": [
              {
                "rule": [
                  {
                    "apply_server_side_encryption_by_default": [
                      {
                        "kms_master_key_id": "",
                        "sse_algorithm": "AES256"
                      }
                    ],
                    "bucket_key_enabled": false
                  }
                ]
              }
            ],
            "tags": {
              "Automation": "Terraform"
            },
            "tags_all": {
              "Automation": "Terraform"
            },
            "versioning": [
              {
                "enabled": true,
                "mfa_delete": false
              }
            ],
            "website": [],
            "website_domain": null,
            "website_endpoint": null
          },
          "sensitive_attributes": [],
          "private": "bnVsbA==",
          "dependencies": [
            "module.bootstrap.module.terraform_state_bucket.data.aws_caller_identity.current",
            "module.bootstrap.module.terraform_state_bucket.data.aws_iam_account_alias.current",
            "module.bootstrap.module.terraform_state_bucket.data.aws_iam_policy_document.supplemental_policy",
            "module.bootstrap.module.terraform_state_bucket.data.aws_partition.current",
            "module.bootstrap.module.terraform_state_bucket_logs.aws_s3_bucket.aws_logs",
            "module.bootstrap.module.terraform_state_bucket_logs.data.aws_caller_identity.current",
            "module.bootstrap.module.terraform_state_bucket_logs.data.aws_elb_service_account.main",
            "module.bootstrap.module.terraform_state_bucket_logs.data.aws_iam_policy_document.main",
            "module.bootstrap.module.terraform_state_bucket_logs.data.aws_partition.current",
            "module.bootstrap.module.terraform_state_bucket_logs.data.aws_redshift_service_account.main",
            "module.bootstrap.module.terraform_state_bucket_logs.data.aws_region.current"
          ]
        }
      ]
    },
    {
      "module": "module.bootstrap.module.terraform_state_bucket",
      "mode": "managed",
      "type": "aws_s3_bucket_analytics_configuration",
      "name": "private_analytics_config",
      "provider": "provider[\"registry.terraform.io/hashicorp/aws\"]",
      "instances": [
        {
          "index_key": 0,
          "schema_version": 0,
          "attributes": {
            "bucket": "redis-tf-state-us-west-2",
            "filter": [],
            "id": "redis-tf-state-us-west-2:Analytics",
            "name": "Analytics",
            "storage_class_analysis": [
              {
                "data_export": [
                  {
                    "destination": [
                      {
                        "s3_bucket_destination": [
                          {
                            "bucket_account_id": "",
                            "bucket_arn": "arn:aws:s3:::redis-tf-state-us-west-2",
                            "format": "CSV",
                            "prefix": "_AWSBucketAnalytics"
                          }
                        ]
                      }
                    ],
                    "output_schema_version": "V_1"
                  }
                ]
              }
            ]
          },
          "sensitive_attributes": [],
          "private": "bnVsbA==",
          "dependencies": [
            "module.bootstrap.module.terraform_state_bucket.aws_s3_bucket.private_bucket",
            "module.bootstrap.module.terraform_state_bucket.data.aws_caller_identity.current",
            "module.bootstrap.module.terraform_state_bucket.data.aws_iam_account_alias.current",
            "module.bootstrap.module.terraform_state_bucket.data.aws_iam_policy_document.supplemental_policy",
            "module.bootstrap.module.terraform_state_bucket.data.aws_partition.current",
            "module.bootstrap.module.terraform_state_bucket_logs.aws_s3_bucket.aws_logs",
            "module.bootstrap.module.terraform_state_bucket_logs.data.aws_caller_identity.current",
            "module.bootstrap.module.terraform_state_bucket_logs.data.aws_elb_service_account.main",
            "module.bootstrap.module.terraform_state_bucket_logs.data.aws_iam_policy_document.main",
            "module.bootstrap.module.terraform_state_bucket_logs.data.aws_partition.current",
            "module.bootstrap.module.terraform_state_bucket_logs.data.aws_redshift_service_account.main",
            "module.bootstrap.module.terraform_state_bucket_logs.data.aws_region.current"
          ]
        }
      ]
    },
    {
      "module": "module.bootstrap.module.terraform_state_bucket",
      "mode": "managed",
      "type": "aws_s3_bucket_public_access_block",
      "name": "public_access_block",
      "provider": "provider[\"registry.terraform.io/hashicorp/aws\"]",
      "instances": [
        {
          "index_key": 0,
          "schema_version": 0,
          "attributes": {
            "block_public_acls": true,
            "block_public_policy": true,
            "bucket": "redis-tf-state-us-west-2",
            "id": "redis-tf-state-us-west-2",
            "ignore_public_acls": true,
            "restrict_public_buckets": true
          },
          "sensitive_attributes": [],
          "private": "bnVsbA==",
          "dependencies": [
            "module.bootstrap.module.terraform_state_bucket.aws_s3_bucket.private_bucket",
            "module.bootstrap.module.terraform_state_bucket.data.aws_caller_identity.current",
            "module.bootstrap.module.terraform_state_bucket.data.aws_iam_account_alias.current",
            "module.bootstrap.module.terraform_state_bucket.data.aws_iam_policy_document.supplemental_policy",
            "module.bootstrap.module.terraform_state_bucket.data.aws_partition.current",
            "module.bootstrap.module.terraform_state_bucket_logs.aws_s3_bucket.aws_logs",
            "module.bootstrap.module.terraform_state_bucket_logs.data.aws_caller_identity.current",
            "module.bootstrap.module.terraform_state_bucket_logs.data.aws_elb_service_account.main",
            "module.bootstrap.module.terraform_state_bucket_logs.data.aws_iam_policy_document.main",
            "module.bootstrap.module.terraform_state_bucket_logs.data.aws_partition.current",
            "module.bootstrap.module.terraform_state_bucket_logs.data.aws_redshift_service_account.main",
            "module.bootstrap.module.terraform_state_bucket_logs.data.aws_region.current"
          ]
        }
      ]
    },
    {
      "module": "module.bootstrap.module.terraform_state_bucket_logs",
      "mode": "data",
      "type": "aws_caller_identity",
      "name": "current",
      "provider": "provider[\"registry.terraform.io/hashicorp/aws\"]",
      "instances": [
        {
          "schema_version": 0,
          "attributes": {
            "account_id": "097605708335",
            "arn": "arn:aws:iam::097605708335:user/mingzhu_liu",
            "id": "097605708335",
            "user_id": "AIDAICZS4ONNOHYBAMR6I"
          },
          "sensitive_attributes": []
        }
      ]
    },
    {
      "module": "module.bootstrap.module.terraform_state_bucket_logs",
      "mode": "data",
      "type": "aws_elb_service_account",
      "name": "main",
      "provider": "provider[\"registry.terraform.io/hashicorp/aws\"]",
      "instances": [
        {
          "schema_version": 0,
          "attributes": {
            "arn": "arn:aws:iam::797873946194:root",
            "id": "797873946194",
            "region": null
          },
          "sensitive_attributes": []
        }
      ]
    },
    {
      "module": "module.bootstrap.module.terraform_state_bucket_logs",
      "mode": "data",
      "type": "aws_iam_policy_document",
      "name": "main",
      "provider": "provider[\"registry.terraform.io/hashicorp/aws\"]",
      "instances": [
        {
          "schema_version": 0,
          "attributes": {
            "id": "2978608769",
            "json": "{\n  \"Version\": \"2012-10-17\",\n  \"Statement\": [\n    {\n      \"Sid\": \"cloudtrail-logs-get-bucket-acl\",\n      \"Effect\": \"Deny\",\n      \"Action\": \"s3:GetBucketAcl\",\n      \"Resource\": \"arn:aws:s3:::redis-tf-state-log-us-west-2\",\n      \"Principal\": {\n        \"Service\": \"cloudtrail.amazonaws.com\"\n      }\n    },\n    {\n      \"Sid\": \"cloudtrail-logs-put-object\",\n      \"Effect\": \"Deny\",\n      \"Action\": \"s3:PutObject\",\n      \"Resource\": \"arn:aws:s3:::redis-tf-state-log-us-west-2/cloudtrail/AWSLogs/097605708335/*\",\n      \"Principal\": {\n        \"Service\": \"cloudtrail.amazonaws.com\"\n      },\n      \"Condition\": {\n        \"StringEquals\": {\n          \"s3:x-amz-acl\": \"bucket-owner-full-control\"\n        }\n      }\n    },\n    {\n      \"Sid\": \"cloudwatch-logs-get-bucket-acl\",\n      \"Effect\": \"Deny\",\n      \"Action\": \"s3:GetBucketAcl\",\n      \"Resource\": \"arn:aws:s3:::redis-tf-state-log-us-west-2\",\n      \"Principal\": {\n        \"Service\": \"logs.us-west-2.amazonaws.com\"\n      }\n    },\n    {\n      \"Sid\": \"cloudwatch-logs-put-object\",\n      \"Effect\": \"Deny\",\n      \"Action\": \"s3:PutObject\",\n      \"Resource\": \"arn:aws:s3:::redis-tf-state-log-us-west-2/cloudwatch/*\",\n      \"Principal\": {\n        \"Service\": \"logs.us-west-2.amazonaws.com\"\n      },\n      \"Condition\": {\n        \"StringEquals\": {\n          \"s3:x-amz-acl\": \"bucket-owner-full-control\"\n        }\n      }\n    },\n    {\n      \"Sid\": \"config-permissions-check\",\n      \"Effect\": \"Deny\",\n      \"Action\": \"s3:GetBucketAcl\",\n      \"Resource\": \"arn:aws:s3:::redis-tf-state-log-us-west-2\",\n      \"Principal\": {\n        \"Service\": \"config.amazonaws.com\"\n      }\n    },\n    {\n      \"Sid\": \"config-bucket-delivery\",\n      \"Effect\": \"Deny\",\n      \"Action\": \"s3:PutObject\",\n      \"Resource\": \"arn:aws:s3:::redis-tf-state-log-us-west-2/config/AWSLogs/097605708335/Config/*\",\n      \"Principal\": {\n        \"Service\": \"config.amazonaws.com\"\n      },\n      \"Condition\": {\n        \"StringEquals\": {\n          \"s3:x-amz-acl\": \"bucket-owner-full-control\"\n        }\n      }\n    },\n    {\n      \"Sid\": \"elb-logs-put-object\",\n      \"Effect\": \"Deny\",\n      \"Action\": \"s3:PutObject\",\n      \"Resource\": \"arn:aws:s3:::redis-tf-state-log-us-west-2/elb/AWSLogs/097605708335/*\",\n      \"Principal\": {\n        \"AWS\": \"arn:aws:iam::797873946194:root\"\n      }\n    },\n    {\n      \"Sid\": \"alb-logs-put-object\",\n      \"Effect\": \"Deny\",\n      \"Action\": \"s3:PutObject\",\n      \"Resource\": \"arn:aws:s3:::redis-tf-state-log-us-west-2/alb/AWSLogs/097605708335/*\",\n      \"Principal\": {\n        \"AWS\": \"arn:aws:iam::797873946194:root\"\n      }\n    },\n    {\n      \"Sid\": \"nlb-logs-put-object\",\n      \"Effect\": \"Deny\",\n      \"Action\": \"s3:PutObject\",\n      \"Resource\": \"arn:aws:s3:::redis-tf-state-log-us-west-2/nlb/AWSLogs/097605708335/*\",\n      \"Principal\": {\n        \"Service\": \"delivery.logs.amazonaws.com\"\n      },\n      \"Condition\": {\n        \"StringEquals\": {\n          \"s3:x-amz-acl\": \"bucket-owner-full-control\"\n        }\n      }\n    },\n    {\n      \"Sid\": \"nlb-logs-acl-check\",\n      \"Effect\": \"Deny\",\n      \"Action\": \"s3:GetBucketAcl\",\n      \"Resource\": \"arn:aws:s3:::redis-tf-state-log-us-west-2\",\n      \"Principal\": {\n        \"Service\": \"delivery.logs.amazonaws.com\"\n      }\n    },\n    {\n      \"Sid\": \"redshift-logs-put-object\",\n      \"Effect\": \"Deny\",\n      \"Action\": \"s3:PutObject\",\n      \"Resource\": \"arn:aws:s3:::redis-tf-state-log-us-west-2/redshift/*\",\n      \"Principal\": {\n        \"AWS\": \"arn:aws:iam::902366379725:user/logs\"\n      }\n    },\n    {\n      \"Sid\": \"redshift-logs-get-bucket-acl\",\n      \"Effect\": \"Deny\",\n      \"Action\": \"s3:GetBucketAcl\",\n      \"Resource\": \"arn:aws:s3:::redis-tf-state-log-us-west-2\",\n      \"Principal\": {\n        \"AWS\": \"arn:aws:iam::902366379725:user/logs\"\n      }\n    },\n    {\n      \"Sid\": \"enforce-tls-requests-only\",\n      \"Effect\": \"Deny\",\n      \"Action\": \"s3:*\",\n      \"Resource\": [\n        \"arn:aws:s3:::redis-tf-state-log-us-west-2/*\",\n        \"arn:aws:s3:::redis-tf-state-log-us-west-2\"\n      ],\n      \"Principal\": {\n        \"AWS\": \"*\"\n      },\n      \"Condition\": {\n        \"Bool\": {\n          \"aws:SecureTransport\": \"false\"\n        }\n      }\n    }\n  ]\n}",
            "override_json": null,
            "override_policy_documents": null,
            "policy_id": null,
            "source_json": null,
            "source_policy_documents": null,
            "statement": [
              {
                "actions": [
                  "s3:GetBucketAcl"
                ],
                "condition": [],
                "effect": "Deny",
                "not_actions": [],
                "not_principals": [],
                "not_resources": [],
                "principals": [
                  {
                    "identifiers": [
                      "cloudtrail.amazonaws.com"
                    ],
                    "type": "Service"
                  }
                ],
                "resources": [
                  "arn:aws:s3:::redis-tf-state-log-us-west-2"
                ],
                "sid": "cloudtrail-logs-get-bucket-acl"
              },
              {
                "actions": [
                  "s3:PutObject"
                ],
                "condition": [
                  {
                    "test": "StringEquals",
                    "values": [
                      "bucket-owner-full-control"
                    ],
                    "variable": "s3:x-amz-acl"
                  }
                ],
                "effect": "Deny",
                "not_actions": [],
                "not_principals": [],
                "not_resources": [],
                "principals": [
                  {
                    "identifiers": [
                      "cloudtrail.amazonaws.com"
                    ],
                    "type": "Service"
                  }
                ],
                "resources": [
                  "arn:aws:s3:::redis-tf-state-log-us-west-2/cloudtrail/AWSLogs/097605708335/*"
                ],
                "sid": "cloudtrail-logs-put-object"
              },
              {
                "actions": [
                  "s3:GetBucketAcl"
                ],
                "condition": [],
                "effect": "Deny",
                "not_actions": [],
                "not_principals": [],
                "not_resources": [],
                "principals": [
                  {
                    "identifiers": [
                      "logs.us-west-2.amazonaws.com"
                    ],
                    "type": "Service"
                  }
                ],
                "resources": [
                  "arn:aws:s3:::redis-tf-state-log-us-west-2"
                ],
                "sid": "cloudwatch-logs-get-bucket-acl"
              },
              {
                "actions": [
                  "s3:PutObject"
                ],
                "condition": [
                  {
                    "test": "StringEquals",
                    "values": [
                      "bucket-owner-full-control"
                    ],
                    "variable": "s3:x-amz-acl"
                  }
                ],
                "effect": "Deny",
                "not_actions": [],
                "not_principals": [],
                "not_resources": [],
                "principals": [
                  {
                    "identifiers": [
                      "logs.us-west-2.amazonaws.com"
                    ],
                    "type": "Service"
                  }
                ],
                "resources": [
                  "arn:aws:s3:::redis-tf-state-log-us-west-2/cloudwatch/*"
                ],
                "sid": "cloudwatch-logs-put-object"
              },
              {
                "actions": [
                  "s3:GetBucketAcl"
                ],
                "condition": [],
                "effect": "Deny",
                "not_actions": [],
                "not_principals": [],
                "not_resources": [],
                "principals": [
                  {
                    "identifiers": [
                      "config.amazonaws.com"
                    ],
                    "type": "Service"
                  }
                ],
                "resources": [
                  "arn:aws:s3:::redis-tf-state-log-us-west-2"
                ],
                "sid": "config-permissions-check"
              },
              {
                "actions": [
                  "s3:PutObject"
                ],
                "condition": [
                  {
                    "test": "StringEquals",
                    "values": [
                      "bucket-owner-full-control"
                    ],
                    "variable": "s3:x-amz-acl"
                  }
                ],
                "effect": "Deny",
                "not_actions": [],
                "not_principals": [],
                "not_resources": [],
                "principals": [
                  {
                    "identifiers": [
                      "config.amazonaws.com"
                    ],
                    "type": "Service"
                  }
                ],
                "resources": [
                  "arn:aws:s3:::redis-tf-state-log-us-west-2/config/AWSLogs/097605708335/Config/*"
                ],
                "sid": "config-bucket-delivery"
              },
              {
                "actions": [
                  "s3:PutObject"
                ],
                "condition": [],
                "effect": "Deny",
                "not_actions": [],
                "not_principals": [],
                "not_resources": [],
                "principals": [
                  {
                    "identifiers": [
                      "arn:aws:iam::797873946194:root"
                    ],
                    "type": "AWS"
                  }
                ],
                "resources": [
                  "arn:aws:s3:::redis-tf-state-log-us-west-2/elb/AWSLogs/097605708335/*"
                ],
                "sid": "elb-logs-put-object"
              },
              {
                "actions": [
                  "s3:PutObject"
                ],
                "condition": [],
                "effect": "Deny",
                "not_actions": [],
                "not_principals": [],
                "not_resources": [],
                "principals": [
                  {
                    "identifiers": [
                      "arn:aws:iam::797873946194:root"
                    ],
                    "type": "AWS"
                  }
                ],
                "resources": [
                  "arn:aws:s3:::redis-tf-state-log-us-west-2/alb/AWSLogs/097605708335/*"
                ],
                "sid": "alb-logs-put-object"
              },
              {
                "actions": [
                  "s3:PutObject"
                ],
                "condition": [
                  {
                    "test": "StringEquals",
                    "values": [
                      "bucket-owner-full-control"
                    ],
                    "variable": "s3:x-amz-acl"
                  }
                ],
                "effect": "Deny",
                "not_actions": [],
                "not_principals": [],
                "not_resources": [],
                "principals": [
                  {
                    "identifiers": [
                      "delivery.logs.amazonaws.com"
                    ],
                    "type": "Service"
                  }
                ],
                "resources": [
                  "arn:aws:s3:::redis-tf-state-log-us-west-2/nlb/AWSLogs/097605708335/*"
                ],
                "sid": "nlb-logs-put-object"
              },
              {
                "actions": [
                  "s3:GetBucketAcl"
                ],
                "condition": [],
                "effect": "Deny",
                "not_actions": [],
                "not_principals": [],
                "not_resources": [],
                "principals": [
                  {
                    "identifiers": [
                      "delivery.logs.amazonaws.com"
                    ],
                    "type": "Service"
                  }
                ],
                "resources": [
                  "arn:aws:s3:::redis-tf-state-log-us-west-2"
                ],
                "sid": "nlb-logs-acl-check"
              },
              {
                "actions": [
                  "s3:PutObject"
                ],
                "condition": [],
                "effect": "Deny",
                "not_actions": [],
                "not_principals": [],
                "not_resources": [],
                "principals": [
                  {
                    "identifiers": [
                      "arn:aws:iam::902366379725:user/logs"
                    ],
                    "type": "AWS"
                  }
                ],
                "resources": [
                  "arn:aws:s3:::redis-tf-state-log-us-west-2/redshift/*"
                ],
                "sid": "redshift-logs-put-object"
              },
              {
                "actions": [
                  "s3:GetBucketAcl"
                ],
                "condition": [],
                "effect": "Deny",
                "not_actions": [],
                "not_principals": [],
                "not_resources": [],
                "principals": [
                  {
                    "identifiers": [
                      "arn:aws:iam::902366379725:user/logs"
                    ],
                    "type": "AWS"
                  }
                ],
                "resources": [
                  "arn:aws:s3:::redis-tf-state-log-us-west-2"
                ],
                "sid": "redshift-logs-get-bucket-acl"
              },
              {
                "actions": [
                  "s3:*"
                ],
                "condition": [
                  {
                    "test": "Bool",
                    "values": [
                      "false"
                    ],
                    "variable": "aws:SecureTransport"
                  }
                ],
                "effect": "Deny",
                "not_actions": [],
                "not_principals": [],
                "not_resources": [],
                "principals": [
                  {
                    "identifiers": [
                      "*"
                    ],
                    "type": "AWS"
                  }
                ],
                "resources": [
                  "arn:aws:s3:::redis-tf-state-log-us-west-2",
                  "arn:aws:s3:::redis-tf-state-log-us-west-2/*"
                ],
                "sid": "enforce-tls-requests-only"
              }
            ],
            "version": "2012-10-17"
          },
          "sensitive_attributes": []
        }
      ]
    },
    {
      "module": "module.bootstrap.module.terraform_state_bucket_logs",
      "mode": "data",
      "type": "aws_partition",
      "name": "current",
      "provider": "provider[\"registry.terraform.io/hashicorp/aws\"]",
      "instances": [
        {
          "schema_version": 0,
          "attributes": {
            "dns_suffix": "amazonaws.com",
            "id": "aws",
            "partition": "aws",
            "reverse_dns_prefix": "com.amazonaws"
          },
          "sensitive_attributes": []
        }
      ]
    },
    {
      "module": "module.bootstrap.module.terraform_state_bucket_logs",
      "mode": "data",
      "type": "aws_redshift_service_account",
      "name": "main",
      "provider": "provider[\"registry.terraform.io/hashicorp/aws\"]",
      "instances": [
        {
          "schema_version": 0,
          "attributes": {
            "arn": "arn:aws:iam::902366379725:user/logs",
            "id": "902366379725",
            "region": null
          },
          "sensitive_attributes": []
        }
      ]
    },
    {
      "module": "module.bootstrap.module.terraform_state_bucket_logs",
      "mode": "data",
      "type": "aws_region",
      "name": "current",
      "provider": "provider[\"registry.terraform.io/hashicorp/aws\"]",
      "instances": [
        {
          "schema_version": 0,
          "attributes": {
            "description": "US West (Oregon)",
            "endpoint": "ec2.us-west-2.amazonaws.com",
            "id": "us-west-2",
            "name": "us-west-2"
          },
          "sensitive_attributes": []
        }
      ]
    },
    {
      "module": "module.bootstrap.module.terraform_state_bucket_logs",
      "mode": "managed",
      "type": "aws_s3_bucket",
      "name": "aws_logs",
      "provider": "provider[\"registry.terraform.io/hashicorp/aws\"]",
      "instances": [
        {
          "schema_version": 0,
          "attributes": {
            "acceleration_status": "",
            "acl": "log-delivery-write",
            "arn": "arn:aws:s3:::redis-tf-state-log-us-west-2",
            "bucket": "redis-tf-state-log-us-west-2",
            "bucket_domain_name": "redis-tf-state-log-us-west-2.s3.amazonaws.com",
            "bucket_prefix": null,
            "bucket_regional_domain_name": "redis-tf-state-log-us-west-2.s3.us-west-2.amazonaws.com",
            "cors_rule": [],
            "force_destroy": false,
            "grant": [],
            "hosted_zone_id": "Z3BJ6K6RIION7M",
            "id": "redis-tf-state-log-us-west-2",
            "lifecycle_rule": [
              {
                "abort_incomplete_multipart_upload_days": 0,
                "enabled": true,
                "expiration": [
                  {
                    "date": "",
                    "days": 90,
                    "expired_object_delete_marker": false
                  }
                ],
                "id": "expire_all_logs",
                "noncurrent_version_expiration": [
                  {
                    "days": 30
                  }
                ],
                "noncurrent_version_transition": [],
                "prefix": "/*",
                "tags": {},
                "transition": []
              }
            ],
            "logging": [],
            "object_lock_configuration": [],
            "object_lock_enabled": false,
            "policy": "{\"Statement\":[{\"Action\":\"s3:GetBucketAcl\",\"Effect\":\"Deny\",\"Principal\":{\"Service\":\"cloudtrail.amazonaws.com\"},\"Resource\":\"arn:aws:s3:::redis-tf-state-log-us-west-2\",\"Sid\":\"cloudtrail-logs-get-bucket-acl\"},{\"Action\":\"s3:PutObject\",\"Condition\":{\"StringEquals\":{\"s3:x-amz-acl\":\"bucket-owner-full-control\"}},\"Effect\":\"Deny\",\"Principal\":{\"Service\":\"cloudtrail.amazonaws.com\"},\"Resource\":\"arn:aws:s3:::redis-tf-state-log-us-west-2/cloudtrail/AWSLogs/097605708335/*\",\"Sid\":\"cloudtrail-logs-put-object\"},{\"Action\":\"s3:GetBucketAcl\",\"Effect\":\"Deny\",\"Principal\":{\"Service\":\"logs.us-west-2.amazonaws.com\"},\"Resource\":\"arn:aws:s3:::redis-tf-state-log-us-west-2\",\"Sid\":\"cloudwatch-logs-get-bucket-acl\"},{\"Action\":\"s3:PutObject\",\"Condition\":{\"StringEquals\":{\"s3:x-amz-acl\":\"bucket-owner-full-control\"}},\"Effect\":\"Deny\",\"Principal\":{\"Service\":\"logs.us-west-2.amazonaws.com\"},\"Resource\":\"arn:aws:s3:::redis-tf-state-log-us-west-2/cloudwatch/*\",\"Sid\":\"cloudwatch-logs-put-object\"},{\"Action\":\"s3:GetBucketAcl\",\"Effect\":\"Deny\",\"Principal\":{\"Service\":\"config.amazonaws.com\"},\"Resource\":\"arn:aws:s3:::redis-tf-state-log-us-west-2\",\"Sid\":\"config-permissions-check\"},{\"Action\":\"s3:PutObject\",\"Condition\":{\"StringEquals\":{\"s3:x-amz-acl\":\"bucket-owner-full-control\"}},\"Effect\":\"Deny\",\"Principal\":{\"Service\":\"config.amazonaws.com\"},\"Resource\":\"arn:aws:s3:::redis-tf-state-log-us-west-2/config/AWSLogs/097605708335/Config/*\",\"Sid\":\"config-bucket-delivery\"},{\"Action\":\"s3:PutObject\",\"Effect\":\"Deny\",\"Principal\":{\"AWS\":\"arn:aws:iam::797873946194:root\"},\"Resource\":\"arn:aws:s3:::redis-tf-state-log-us-west-2/elb/AWSLogs/097605708335/*\",\"Sid\":\"elb-logs-put-object\"},{\"Action\":\"s3:PutObject\",\"Effect\":\"Deny\",\"Principal\":{\"AWS\":\"arn:aws:iam::797873946194:root\"},\"Resource\":\"arn:aws:s3:::redis-tf-state-log-us-west-2/alb/AWSLogs/097605708335/*\",\"Sid\":\"alb-logs-put-object\"},{\"Action\":\"s3:PutObject\",\"Condition\":{\"StringEquals\":{\"s3:x-amz-acl\":\"bucket-owner-full-control\"}},\"Effect\":\"Deny\",\"Principal\":{\"Service\":\"delivery.logs.amazonaws.com\"},\"Resource\":\"arn:aws:s3:::redis-tf-state-log-us-west-2/nlb/AWSLogs/097605708335/*\",\"Sid\":\"nlb-logs-put-object\"},{\"Action\":\"s3:GetBucketAcl\",\"Effect\":\"Deny\",\"Principal\":{\"Service\":\"delivery.logs.amazonaws.com\"},\"Resource\":\"arn:aws:s3:::redis-tf-state-log-us-west-2\",\"Sid\":\"nlb-logs-acl-check\"},{\"Action\":\"s3:PutObject\",\"Effect\":\"Deny\",\"Principal\":{\"AWS\":\"arn:aws:iam::902366379725:user/logs\"},\"Resource\":\"arn:aws:s3:::redis-tf-state-log-us-west-2/redshift/*\",\"Sid\":\"redshift-logs-put-object\"},{\"Action\":\"s3:GetBucketAcl\",\"Effect\":\"Deny\",\"Principal\":{\"AWS\":\"arn:aws:iam::902366379725:user/logs\"},\"Resource\":\"arn:aws:s3:::redis-tf-state-log-us-west-2\",\"Sid\":\"redshift-logs-get-bucket-acl\"},{\"Action\":\"s3:*\",\"Condition\":{\"Bool\":{\"aws:SecureTransport\":\"false\"}},\"Effect\":\"Deny\",\"Principal\":{\"AWS\":\"*\"},\"Resource\":[\"arn:aws:s3:::redis-tf-state-log-us-west-2/*\",\"arn:aws:s3:::redis-tf-state-log-us-west-2\"],\"Sid\":\"enforce-tls-requests-only\"}],\"Version\":\"2012-10-17\"}",
            "region": "us-west-2",
            "replication_configuration": [],
            "request_payer": "BucketOwner",
            "server_side_encryption_configuration": [
              {
                "rule": [
                  {
                    "apply_server_side_encryption_by_default": [
                      {
                        "kms_master_key_id": "",
                        "sse_algorithm": "AES256"
                      }
                    ],
                    "bucket_key_enabled": false
                  }
                ]
              }
            ],
            "tags": {
              "Name": "redis-tf-state-log-us-west-2"
            },
            "tags_all": {
              "Name": "redis-tf-state-log-us-west-2"
            },
            "versioning": [
              {
                "enabled": false,
                "mfa_delete": false
              }
            ],
            "website": [],
            "website_domain": null,
            "website_endpoint": null
          },
          "sensitive_attributes": [],
          "private": "bnVsbA==",
          "dependencies": [
            "module.bootstrap.module.terraform_state_bucket_logs.data.aws_caller_identity.current",
            "module.bootstrap.module.terraform_state_bucket_logs.data.aws_elb_service_account.main",
            "module.bootstrap.module.terraform_state_bucket_logs.data.aws_iam_policy_document.main",
            "module.bootstrap.module.terraform_state_bucket_logs.data.aws_partition.current",
            "module.bootstrap.module.terraform_state_bucket_logs.data.aws_redshift_service_account.main",
            "module.bootstrap.module.terraform_state_bucket_logs.data.aws_region.current"
          ]
        }
      ]
    },
    {
      "module": "module.bootstrap.module.terraform_state_bucket_logs",
      "mode": "managed",
      "type": "aws_s3_bucket_public_access_block",
      "name": "public_access_block",
      "provider": "provider[\"registry.terraform.io/hashicorp/aws\"]",
      "instances": [
        {
          "index_key": 0,
          "schema_version": 0,
          "attributes": {
            "block_public_acls": true,
            "block_public_policy": true,
            "bucket": "redis-tf-state-log-us-west-2",
            "id": "redis-tf-state-log-us-west-2",
            "ignore_public_acls": true,
            "restrict_public_buckets": true
          },
          "sensitive_attributes": [],
          "private": "bnVsbA==",
          "dependencies": [
            "module.bootstrap.module.terraform_state_bucket_logs.aws_s3_bucket.aws_logs",
            "module.bootstrap.module.terraform_state_bucket_logs.data.aws_caller_identity.current",
            "module.bootstrap.module.terraform_state_bucket_logs.data.aws_elb_service_account.main",
            "module.bootstrap.module.terraform_state_bucket_logs.data.aws_iam_policy_document.main",
            "module.bootstrap.module.terraform_state_bucket_logs.data.aws_partition.current",
            "module.bootstrap.module.terraform_state_bucket_logs.data.aws_redshift_service_account.main",
            "module.bootstrap.module.terraform_state_bucket_logs.data.aws_region.current"
          ]
        }
      ]
    }
  ]
}
